
Microsoft Visual Studio Solution File, Format Version 12.00
# Visual Studio 15
Project("{FAE04EC0-301F-11D3-BF4B-00C04F79EFBC}") = "Firefly", "Firefly\Firefly.csproj", "{FB780219-60DF-432F-8D2C-5FDC42B0447E}"
EndProject
Project("{2150E333-8FDC-42A3-9474-1A3956D46DE8}") = "Solution Items", "Solution Items", "{A7085947-310C-43B2-AAF0-1A8D8B65F1EE}"
EndProject
Global
	GlobalSection(SolutionConfigurationPlatforms) = preSolution
		Debug|Any CPU = Debug|Any CPU
		Release|Any CPU = Release|Any CPU
	EndGlobalSection
	GlobalSection(ProjectConfigurationPlatforms) = postSolution
		{FB780219-60DF-432F-8D2C-5FDC42B0447E}.Debug|Any CPU.ActiveCfg = Debug|Any CPU
		{FB780219-60DF-432F-8D2C-5FDC42B0447E}.Debug|Any CPU.Build.0 = Debug|Any CPU
		{FB780219-60DF-432F-8D2C-5FDC42B0447E}.Release|Any CPU.ActiveCfg = Release|Any CPU
		{FB780219-60DF-432F-8D2C-5FDC42B0447E}.Release|Any CPU.Build.0 = Release|Any CPU
	EndGlobalSection
EndGlobal
